# THIS IS AN AUTOGENERATED FILE. DO NOT EDIT THIS FILE DIRECTLY.
# yarn lockfile v1


"@remix-run/router@1.7.1":
  version "1.7.1"
  resolved "https://registry.yarnpkg.com/@remix-run/router/-/router-1.7.1.tgz#fea7ac35ae4014637c130011f59428f618730498"
  integrity sha512-bgVQM4ZJ2u2CM8k1ey70o1ePFXsEzYVZoWghh6WjM8p59jQ7HxzbHW4SbnWFG7V9ig9chLawQxDTZ3xzOF8MkQ==

react-router-dom@^6.14.1:
  version "6.14.1"
  resolved "https://registry.yarnpkg.com/react-router-dom/-/react-router-dom-6.14.1.tgz#0ad7ba7abdf75baa61169d49f096f0494907a36f"
  integrity sha512-ssF6M5UkQjHK70fgukCJyjlda0Dgono2QGwqGvuk7D+EDGHdacEN3Yke2LTMjkrpHuFwBfDFsEjGVXBDmL+bWw==
  dependencies:
    "@remix-run/router" "1.7.1"
    react-router "6.14.1"

react-router@6.14.1:
  version "6.14.1"
  resolved "https://registry.yarnpkg.com/react-router/-/react-router-6.14.1.tgz#5e82bcdabf21add859dc04b1859f91066b3a5810"
  integrity sha512-U4PfgvG55LdvbQjg5Y9QRWyVxIdO1LlpYT7x+tMAxd9/vmiPuJhIwdxZuIQLN/9e3O4KFDHYfR9gzGeYMasW8g==
  dependencies:
    "@remix-run/router" "1.7.1"
